
Microsoft Visual Studio Solution File, Format Version 12.00
# Visual Studio Version 17
VisualStudioVersion = 17.3.32804.467
MinimumVisualStudioVersion = 10.0.40219.1
Project("{FAE04EC0-301F-11D3-BF4B-00C04F79EFBC}") = "GenericsBinaryTree", "GenericsBinaryTree\GenericsBinaryTree.csproj", "{EEE1AD22-2A55-4DBB-8D1A-CAE08BD928F2}"
EndProject
Global
	GlobalSection(SolutionConfigurationPlatforms) = preSolution
		Debug|Any CPU = Debug|Any CPU
		Release|Any CPU = Release|Any CPU
	EndGlobalSection
	GlobalSection(ProjectConfigurationPlatforms) = postSolution
		{EEE1AD22-2A55-4DBB-8D1A-CAE08BD928F2}.Debug|Any CPU.ActiveCfg = Debug|Any CPU
		{EEE1AD22-2A55-4DBB-8D1A-CAE08BD928F2}.Debug|Any CPU.Build.0 = Debug|Any CPU
		{EEE1AD22-2A55-4DBB-8D1A-CAE08BD928F2}.Release|Any CPU.ActiveCfg = Release|Any CPU
		{EEE1AD22-2A55-4DBB-8D1A-CAE08BD928F2}.Release|Any CPU.Build.0 = Release|Any CPU
	EndGlobalSection
	GlobalSection(SolutionProperties) = preSolution
		HideSolutionNode = FALSE
	EndGlobalSection
	GlobalSection(ExtensibilityGlobals) = postSolution
		SolutionGuid = {AF189BEA-319B-48DE-B729-974E8CD3C6C7}
	EndGlobalSection
EndGlobal
